// !$*UTF8*$!
{
	archiveVersion = 1;
	classes = {
	};
	objectVersion = 50;
	objects = {

/* Begin PBXBuildFile section */
		47CEC2F922C2931600DF4A87 /* AppDelegate.swift in Sources */ = {isa = PBXBuildFile; fileRef = 47CEC2F822C2931600DF4A87 /* AppDelegate.swift */; };
		47CEC2FB22C2931600DF4A87 /* LoginViewController.swift in Sources */ = {isa = PBXBuildFile; fileRef = 47CEC2FA22C2931600DF4A87 /* LoginViewController.swift */; };
		47CEC2FE22C2931600DF4A87 /* Main.storyboard in Resources */ = {isa = PBXBuildFile; fileRef = 47CEC2FC22C2931600DF4A87 /* Main.storyboard */; };
		47CEC30022C2931700DF4A87 /* Assets.xcassets in Resources */ = {isa = PBXBuildFile; fileRef = 47CEC2FF22C2931700DF4A87 /* Assets.xcassets */; };
		47CEC30322C2931700DF4A87 /* LaunchScreen.storyboard in Resources */ = {isa = PBXBuildFile; fileRef = 47CEC30122C2931700DF4A87 /* LaunchScreen.storyboard */; };
		47CEC30B22C2964800DF4A87 /* AccountViewController.swift in Sources */ = {isa = PBXBuildFile; fileRef = 47CEC30A22C2964800DF4A87 /* AccountViewController.swift */; };
		47CEC31122C2C06900DF4A87 /* DetailTableViewCell.swift in Sources */ = {isa = PBXBuildFile; fileRef = 47CEC31022C2C06900DF4A87 /* DetailTableViewCell.swift */; };
		47CEC31322C2C98000DF4A87 /* Launch.swift in Sources */ = {isa = PBXBuildFile; fileRef = 47CEC31222C2C98000DF4A87 /* Launch.swift */; };
		47CEC31722C2CD6500DF4A87 /* launchs.json in Resources */ = {isa = PBXBuildFile; fileRef = 47CEC31622C2CD6500DF4A87 /* launchs.json */; };
		47CEC31922C41ABD00DF4A87 /* ValidatorUtils.swift in Sources */ = {isa = PBXBuildFile; fileRef = 47CEC31822C41ABD00DF4A87 /* ValidatorUtils.swift */; };
/* End PBXBuildFile section */

/* Begin PBXFileReference section */
		47CEC2F522C2931600DF4A87 /* DesafioSantander.app */ = {isa = PBXFileReference; explicitFileType = wrapper.application; includeInIndex = 0; path = DesafioSantander.app; sourceTree = BUILT_PRODUCTS_DIR; };
		47CEC2F822C2931600DF4A87 /* AppDelegate.swift */ = {isa = PBXFileReference; lastKnownFileType = sourcecode.swift; path = AppDelegate.swift; sourceTree = "<group>"; };
		47CEC2FA22C2931600DF4A87 /* LoginViewController.swift */ = {isa = PBXFileReference; lastKnownFileType = sourcecode.swift; path = LoginViewController.swift; sourceTree = "<group>"; };
		47CEC2FD22C2931600DF4A87 /* Base */ = {isa = PBXFileReference; lastKnownFileType = file.storyboard; name = Base; path = Base.lproj/Main.storyboard; sourceTree = "<group>"; };
		47CEC2FF22C2931700DF4A87 /* Assets.xcassets */ = {isa = PBXFileReference; lastKnownFileType = folder.assetcatalog; path = Assets.xcassets; sourceTree = "<group>"; };
		47CEC30222C2931700DF4A87 /* Base */ = {isa = PBXFileReference; lastKnownFileType = file.storyboard; name = Base; path = Base.lproj/LaunchScreen.storyboard; sourceTree = "<group>"; };
		47CEC30422C2931700DF4A87 /* Info.plist */ = {isa = PBXFileReference; lastKnownFileType = text.plist.xml; path = Info.plist; sourceTree = "<group>"; };
		47CEC30A22C2964800DF4A87 /* AccountViewController.swift */ = {isa = PBXFileReference; lastKnownFileType = sourcecode.swift; path = AccountViewController.swift; sourceTree = "<group>"; };
		47CEC31022C2C06900DF4A87 /* DetailTableViewCell.swift */ = {isa = PBXFileReference; lastKnownFileType = sourcecode.swift; path = DetailTableViewCell.swift; sourceTree = "<group>"; };
		47CEC31222C2C98000DF4A87 /* Launch.swift */ = {isa = PBXFileReference; lastKnownFileType = sourcecode.swift; path = Launch.swift; sourceTree = "<group>"; };
		47CEC31622C2CD6500DF4A87 /* launchs.json */ = {isa = PBXFileReference; fileEncoding = 4; lastKnownFileType = text.json; path = launchs.json; sourceTree = "<group>"; };
		47CEC31822C41ABD00DF4A87 /* ValidatorUtils.swift */ = {isa = PBXFileReference; lastKnownFileType = sourcecode.swift; path = ValidatorUtils.swift; sourceTree = "<group>"; };
/* End PBXFileReference section */

/* Begin PBXFrameworksBuildPhase section */
		47CEC2F222C2931600DF4A87 /* Frameworks */ = {
			isa = PBXFrameworksBuildPhase;
			buildActionMask = 2147483647;
			files = (
			);
			runOnlyForDeploymentPostprocessing = 0;
		};
/* End PBXFrameworksBuildPhase section */

/* Begin PBXGroup section */
		47CEC2EC22C2931600DF4A87 = {
			isa = PBXGroup;
			children = (
				47CEC2F722C2931600DF4A87 /* DesafioSantander */,
				47CEC2F622C2931600DF4A87 /* Products */,
			);
			sourceTree = "<group>";
		};
		47CEC2F622C2931600DF4A87 /* Products */ = {
			isa = PBXGroup;
			children = (
				47CEC2F522C2931600DF4A87 /* DesafioSantander.app */,
			);
			name = Products;
			sourceTree = "<group>";
		};
		47CEC2F722C2931600DF4A87 /* DesafioSantander */ = {
			isa = PBXGroup;
			children = (
				47CEC31522C2CD4A00DF4A87 /* Files */,
				47CEC2F822C2931600DF4A87 /* AppDelegate.swift */,
				47CEC30C22C2973200DF4A87 /* Controller */,
				47CEC30D22C2974400DF4A87 /* View */,
				47CEC2FF22C2931700DF4A87 /* Assets.xcassets */,
				47CEC30422C2931700DF4A87 /* Info.plist */,
			);
			path = DesafioSantander;
			sourceTree = "<group>";
		};
		47CEC30C22C2973200DF4A87 /* Controller */ = {
			isa = PBXGroup;
			children = (
				47CEC2FA22C2931600DF4A87 /* LoginViewController.swift */,
				47CEC30A22C2964800DF4A87 /* AccountViewController.swift */,
				47CEC31022C2C06900DF4A87 /* DetailTableViewCell.swift */,
				47CEC31422C2C98700DF4A87 /* Model */,
			);
			path = Controller;
			sourceTree = "<group>";
		};
		47CEC30D22C2974400DF4A87 /* View */ = {
			isa = PBXGroup;
			children = (
				47CEC30122C2931700DF4A87 /* LaunchScreen.storyboard */,
				47CEC2FC22C2931600DF4A87 /* Main.storyboard */,
			);
			path = View;
			sourceTree = "<group>";
		};
		47CEC31422C2C98700DF4A87 /* Model */ = {
			isa = PBXGroup;
			children = (
				47CEC31222C2C98000DF4A87 /* Launch.swift */,
				47CEC31822C41ABD00DF4A87 /* ValidatorUtils.swift */,
			);
			path = Model;
			sourceTree = "<group>";
		};
		47CEC31522C2CD4A00DF4A87 /* Files */ = {
			isa = PBXGroup;
			children = (
				47CEC31622C2CD6500DF4A87 /* launchs.json */,
			);
			path = Files;
			sourceTree = "<group>";
		};
/* End PBXGroup section */

/* Begin PBXNativeTarget section */
		47CEC2F422C2931600DF4A87 /* DesafioSantander */ = {
			isa = PBXNativeTarget;
			buildConfigurationList = 47CEC30722C2931700DF4A87 /* Build configuration list for PBXNativeTarget "DesafioSantander" */;
			buildPhases = (
				47CEC2F122C2931600DF4A87 /* Sources */,
				47CEC2F222C2931600DF4A87 /* Frameworks */,
				47CEC2F322C2931600DF4A87 /* Resources */,
			);
			buildRules = (
			);
			dependencies = (
			);
			name = DesafioSantander;
			productName = DesafioSantander;
			productReference = 47CEC2F522C2931600DF4A87 /* DesafioSantander.app */;
			productType = "com.apple.product-type.application";
		};
/* End PBXNativeTarget section */

/* Begin PBXProject section */
		47CEC2ED22C2931600DF4A87 /* Project object */ = {
			isa = PBXProject;
			attributes = {
				LastSwiftUpdateCheck = 1020;
				LastUpgradeCheck = 1020;
				ORGANIZATIONNAME = "Israel Alves Santos Junior";
				TargetAttributes = {
					47CEC2F422C2931600DF4A87 = {
						CreatedOnToolsVersion = 10.2.1;
					};
				};
			};
			buildConfigurationList = 47CEC2F022C2931600DF4A87 /* Build configuration list for PBXProject "DesafioSantander" */;
			compatibilityVersion = "Xcode 9.3";
			developmentRegion = en;
			hasScannedForEncodings = 0;
			knownRegions = (
				en,
				Base,
			);
			mainGroup = 47CEC2EC22C2931600DF4A87;
			productRefGroup = 47CEC2F622C2931600DF4A87 /* Products */;
			projectDirPath = "";
			projectRoot = "";
			targets = (
				47CEC2F422C2931600DF4A87 /* DesafioSantander */,
			);
		};
/* End PBXProject section */

/* Begin PBXResourcesBuildPhase section */
		47CEC2F322C2931600DF4A87 /* Resources */ = {
			isa = PBXResourcesBuildPhase;
			buildActionMask = 2147483647;
			files = (
				47CEC30322C2931700DF4A87 /* LaunchScreen.storyboard in Resources */,
				47CEC30022C2931700DF4A87 /* Assets.xcassets in Resources */,
				47CEC31722C2CD6500DF4A87 /* launchs.json in Resources */,
				47CEC2FE22C2931600DF4A87 /* Main.storyboard in Resources */,
			);
			runOnlyForDeploymentPostprocessing = 0;
		};
/* End PBXResourcesBuildPhase section */

/* Begin PBXSourcesBuildPhase section */
		47CEC2F122C2931600DF4A87 /* Sources */ = {
			isa = PBXSourcesBuildPhase;
			buildActionMask = 2147483647;
			files = (
				47CEC31122C2C06900DF4A87 /* DetailTableViewCell.swift in Sources */,
				47CEC30B22C2964800DF4A87 /* AccountViewController.swift in Sources */,
				47CEC2FB22C2931600DF4A87 /* LoginViewController.swift in Sources */,
				47CEC31322C2C98000DF4A87 /* Launch.swift in Sources */,
				47CEC31922C41ABD00DF4A87 /* ValidatorUtils.swift in Sources */,
				47CEC2F922C2931600DF4A87 /* AppDelegate.swift in Sources */,
			);
			runOnlyForDeploymentPostprocessing = 0;
		};
/* End PBXSourcesBuildPhase section */

/* Begin PBXVariantGroup section */
		47CEC2FC22C2931600DF4A87 /* Main.storyboard */ = {
			isa = PBXVariantGroup;
			children = (
				47CEC2FD22C2931600DF4A87 /* Base */,
			);
			name = Main.storyboard;
			sourceTree = "<group>";
		};
		47CEC30122C2931700DF4A87 /* LaunchScreen.storyboard */ = {
			isa = PBXVariantGroup;
			children = (
				47CEC30222C2931700DF4A87 /* Base */,
			);
			name = LaunchScreen.storyboard;
			sourceTree = "<group>";
		};
/* End PBXVariantGroup section */

/* Begin XCBuildConfiguration section */
		47CEC30522C2931700DF4A87 /* Debug */ = {
			isa = XCBuildConfiguration;
			buildSettings = {
				ALWAYS_SEARCH_USER_PATHS = NO;
				CLANG_ANALYZER_NONNULL = YES;
				CLANG_ANALYZER_NUMBER_OBJECT_CONVERSION = YES_AGGRESSIVE;
				CLANG_CXX_LANGUAGE_STANDARD = "gnu++14";
				CLANG_CXX_LIBRARY = "libc++";
				CLANG_ENABLE_MODULES = YES;
				CLANG_ENABLE_OBJC_ARC = YES;
				CLANG_ENABLE_OBJC_WEAK = YES;
				CLANG_WARN_BLOCK_CAPTURE_AUTORELEASING = YES;
				CLANG_WARN_BOOL_CONVERSION = YES;
				CLANG_WARN_COMMA = YES;
				CLANG_WARN_CONSTANT_CONVERSION = YES;
				CLANG_WARN_DEPRECATED_OBJC_IMPLEMENTATIONS = YES;
				CLANG_WARN_DIRECT_OBJC_ISA_USAGE = YES_ERROR;
				CLANG_WARN_DOCUMENTATION_COMMENTS = YES;
				CLANG_WARN_EMPTY_BODY = YES;
				CLANG_WARN_ENUM_CONVERSION = YES;
				CLANG_WARN_INFINITE_RECURSION = YES;
				CLANG_WARN_INT_CONVERSION = YES;
				CLANG_WARN_NON_LITERAL_NULL_CONVERSION = YES;
				CLANG_WARN_OBJC_IMPLICIT_RETAIN_SELF = YES;
				CLANG_WARN_OBJC_LITERAL_CONVERSION = YES;
				CLANG_WARN_OBJC_ROOT_CLASS = YES_ERROR;
				CLANG_WARN_RANGE_LOOP_ANALYSIS = YES;
				CLANG_WARN_STRICT_PROTOTYPES = YES;
				CLANG_WARN_SUSPICIOUS_MOVE = YES;
				CLANG_WARN_UNGUARDED_AVAILABILITY = YES_AGGRESSIVE;
				CLANG_WARN_UNREACHABLE_CODE = YES;
				CLANG_WARN__DUPLICATE_METHOD_MATCH = YES;
				CODE_SIGN_IDENTITY = "iPhone Developer";
				COPY_PHASE_STRIP = NO;
				DEBUG_INFORMATION_FORMAT = dwarf;
				ENABLE_STRICT_OBJC_MSGSEND = YES;
				ENABLE_TESTABILITY = YES;
				GCC_C_LANGUAGE_STANDARD = gnu11;
				GCC_DYNAMIC_NO_PIC = NO;
				GCC_NO_COMMON_BLOCKS = YES;
				GCC_OPTIMIZATION_LEVEL = 0;
				GCC_PREPROCESSOR_DEFINITIONS = (
					"DEBUG=1",
					"$(inherited)",
				);
				GCC_WARN_64_TO_32_BIT_CONVERSION = YES;
				GCC_WARN_ABOUT_RETURN_TYPE = YES_ERROR;
				GCC_WARN_UNDECLARED_SELECTOR = YES;
				GCC_WARN_UNINITIALIZED_AUTOS = YES_AGGRESSIVE;
				GCC_WARN_UNUSED_FUNCTION = YES;
				GCC_WARN_UNUSED_VARIABLE = YES;
				IPHONEOS_DEPLOYMENT_TARGET = 12.2;
				MTL_ENABLE_DEBUG_INFO = INCLUDE_SOURCE;
				MTL_FAST_MATH = YES;
				ONLY_ACTIVE_ARCH = YES;
				SDKROOT = iphoneos;
				SWIFT_ACTIVE_COMPILATION_CONDITIONS = DEBUG;
				SWIFT_OPTIMIZATION_LEVEL = "-Onone";
			};
			name = Debug;
		};
		47CEC30622C2931700DF4A87 /* Release */ = {
			isa = XCBuildConfiguration;
			buildSettings = {
				ALWAYS_SEARCH_USER_PATHS = NO;
				CLANG_ANALYZER_NONNULL = YES;
				CLANG_ANALYZER_NUMBER_OBJECT_CONVERSION = YES_AGGRESSIVE;
				CLANG_CXX_LANGUAGE_STANDARD = "gnu++14";
				CLANG_CXX_LIBRARY = "libc++";
				CLANG_ENABLE_MODULES = YES;
				CLANG_ENABLE_OBJC_ARC = YES;
				CLANG_ENABLE_OBJC_WEAK = YES;
				CLANG_WARN_BLOCK_CAPTURE_AUTORELEASING = YES;
				CLANG_WARN_BOOL_CONVERSION = YES;
				CLANG_WARN_COMMA = YES;
				CLANG_WARN_CONSTANT_CONVERSION = YES;
				CLANG_WARN_DEPRECATED_OBJC_IMPLEMENTATIONS = YES;
				CLANG_WARN_DIRECT_OBJC_ISA_USAGE = YES_ERROR;
				CLANG_WARN_DOCUMENTATION_COMMENTS = YES;
				CLANG_WARN_EMPTY_BODY = YES;
				CLANG_WARN_ENUM_CONVERSION = YES;
				CLANG_WARN_INFINITE_RECURSION = YES;
				CLANG_WARN_INT_CONVERSION = YES;
				CLANG_WARN_NON_LITERAL_NULL_CONVERSION = YES;
				CLANG_WARN_OBJC_IMPLICIT_RETAIN_SELF = YES;
				CLANG_WARN_OBJC_LITERAL_CONVERSION = YES;
				CLANG_WARN_OBJC_ROOT_CLASS = YES_ERROR;
				CLANG_WARN_RANGE_LOOP_ANALYSIS = YES;
				CLANG_WARN_STRICT_PROTOTYPES = YES;
				CLANG_WARN_SUSPICIOUS_MOVE = YES;
				CLANG_WARN_UNGUARDED_AVAILABILITY = YES_AGGRESSIVE;
				CLANG_WARN_UNREACHABLE_CODE = YES;
				CLANG_WARN__DUPLICATE_METHOD_MATCH = YES;
				CODE_SIGN_IDENTITY = "iPhone Developer";
				COPY_PHASE_STRIP = NO;
				DEBUG_INFORMATION_FORMAT = "dwarf-with-dsym";
				ENABLE_NS_ASSERTIONS = NO;
				ENABLE_STRICT_OBJC_MSGSEND = YES;
				GCC_C_LANGUAGE_STANDARD = gnu11;
				GCC_NO_COMMON_BLOCKS = YES;
				GCC_WARN_64_TO_32_BIT_CONVERSION = YES;
				GCC_WARN_ABOUT_RETURN_TYPE = YES_ERROR;
				GCC_WARN_UNDECLARED_SELECTOR = YES;
				GCC_WARN_UNINITIALIZED_AUTOS = YES_AGGRESSIVE;
				GCC_WARN_UNUSED_FUNCTION = YES;
				GCC_WARN_UNUSED_VARIABLE = YES;
				IPHONEOS_DEPLOYMENT_TARGET = 12.2;
				MTL_ENABLE_DEBUG_INFO = NO;
				MTL_FAST_MATH = YES;
				SDKROOT = iphoneos;
				SWIFT_COMPILATION_MODE = wholemodule;
				SWIFT_OPTIMIZATION_LEVEL = "-O";
				VALIDATE_PRODUCT = YES;
			};
			name = Release;
		};
		47CEC30822C2931700DF4A87 /* Debug */ = {
			isa = XCBuildConfiguration;
			buildSettings = {
				ASSETCATALOG_COMPILER_APPICON_NAME = AppIcon;
				CODE_SIGN_STYLE = Automatic;
				INFOPLIST_FILE = DesafioSantander/Info.plist;
				LD_RUNPATH_SEARCH_PATHS = (
					"$(inherited)",
					"@executable_path/Frameworks",
				);
				PRODUCT_BUNDLE_IDENTIFIER = com.iasj.DesafioSantander;
				PRODUCT_NAME = "$(TARGET_NAME)";
				SWIFT_VERSION = 5.0;
				TARGETED_DEVICE_FAMILY = "1,2";
			};
			name = Debug;
		};
		47CEC30922C2931700DF4A87 /* Release */ = {
			isa = XCBuildConfiguration;
			buildSettings = {
				ASSETCATALOG_COMPILER_APPICON_NAME = AppIcon;
				CODE_SIGN_STYLE = Automatic;
				INFOPLIST_FILE = DesafioSantander/Info.plist;
				LD_RUNPATH_SEARCH_PATHS = (
					"$(inherited)",
					"@executable_path/Frameworks",
				);
				PRODUCT_BUNDLE_IDENTIFIER = com.iasj.DesafioSantander;
				PRODUCT_NAME = "$(TARGET_NAME)";
				SWIFT_VERSION = 5.0;
				TARGETED_DEVICE_FAMILY = "1,2";
			};
			name = Release;
		};
/* End XCBuildConfiguration section */

/* Begin XCConfigurationList section */
		47CEC2F022C2931600DF4A87 /* Build configuration list for PBXProject "DesafioSantander" */ = {
			isa = XCConfigurationList;
			buildConfigurations = (
				47CEC30522C2931700DF4A87 /* Debug */,
				47CEC30622C2931700DF4A87 /* Release */,
			);
			defaultConfigurationIsVisible = 0;
			defaultConfigurationName = Release;
		};
		47CEC30722C2931700DF4A87 /* Build configuration list for PBXNativeTarget "DesafioSantander" */ = {
			isa = XCConfigurationList;
			buildConfigurations = (
				47CEC30822C2931700DF4A87 /* Debug */,
				47CEC30922C2931700DF4A87 /* Release */,
			);
			defaultConfigurationIsVisible = 0;
			defaultConfigurationName = Release;
		};
/* End XCConfigurationList section */
	};
	rootObject = 47CEC2ED22C2931600DF4A87 /* Project object */;
}
